
Microsoft Visual Studio Solution File, Format Version 12.00
# Visual Studio Version 17
VisualStudioVersion = 17.3.32929.385
MinimumVisualStudioVersion = 10.0.40219.1
Project("{FAE04EC0-301F-11D3-BF4B-00C04F79EFBC}") = "Nurses_Scheduler", "Nurses_Scheduler\Nurses_Scheduler.csproj", "{775A5245-0E94-483D-BC2E-9D595B01CEA9}"
EndProject
Global
	GlobalSection(SolutionConfigurationPlatforms) = preSolution
		Debug|Any CPU = Debug|Any CPU
		Release|Any CPU = Release|Any CPU
	EndGlobalSection
	GlobalSection(ProjectConfigurationPlatforms) = postSolution
		{775A5245-0E94-483D-BC2E-9D595B01CEA9}.Debug|Any CPU.ActiveCfg = Debug|Any CPU
		{775A5245-0E94-483D-BC2E-9D595B01CEA9}.Debug|Any CPU.Build.0 = Debug|Any CPU
		{775A5245-0E94-483D-BC2E-9D595B01CEA9}.Release|Any CPU.ActiveCfg = Release|Any CPU
		{775A5245-0E94-483D-BC2E-9D595B01CEA9}.Release|Any CPU.Build.0 = Release|Any CPU
	EndGlobalSection
	GlobalSection(SolutionProperties) = preSolution
		HideSolutionNode = FALSE
	EndGlobalSection
	GlobalSection(ExtensibilityGlobals) = postSolution
		SolutionGuid = {2A63D6F0-4BBF-457E-9246-11B27F87BBC8}
	EndGlobalSection
EndGlobal
